
Microsoft Visual Studio Solution File, Format Version 12.00
# Visual Studio 15
VisualStudioVersion = 15.0.26730.12
MinimumVisualStudioVersion = 10.0.40219.1
Project("{FAE04EC0-301F-11D3-BF4B-00C04F79EFBC}") = "RegressionLib", "RegressionLib\RegressionLib.csproj", "{448A2939-A057-4C56-A333-192EDBCCFC3F}"
EndProject
Project("{FAE04EC0-301F-11D3-BF4B-00C04F79EFBC}") = "CsvFileLibrary", "CsvFileLibrary\CsvFileLibrary.csproj", "{0D6E0E94-CA30-4801-8C52-DEE5371425B1}"
EndProject
Project("{FAE04EC0-301F-11D3-BF4B-00C04F79EFBC}") = "UI", "UI\UI.csproj", "{88EF1044-1CE0-480A-A253-D09F5B71C964}"
EndProject
Global
	GlobalSection(SolutionConfigurationPlatforms) = preSolution
		Debug|Any CPU = Debug|Any CPU
		Release|Any CPU = Release|Any CPU
	EndGlobalSection
	GlobalSection(ProjectConfigurationPlatforms) = postSolution
		{448A2939-A057-4C56-A333-192EDBCCFC3F}.Debug|Any CPU.ActiveCfg = Debug|Any CPU
		{448A2939-A057-4C56-A333-192EDBCCFC3F}.Debug|Any CPU.Build.0 = Debug|Any CPU
		{448A2939-A057-4C56-A333-192EDBCCFC3F}.Release|Any CPU.ActiveCfg = Release|Any CPU
		{448A2939-A057-4C56-A333-192EDBCCFC3F}.Release|Any CPU.Build.0 = Release|Any CPU
		{0D6E0E94-CA30-4801-8C52-DEE5371425B1}.Debug|Any CPU.ActiveCfg = Debug|Any CPU
		{0D6E0E94-CA30-4801-8C52-DEE5371425B1}.Debug|Any CPU.Build.0 = Debug|Any CPU
		{0D6E0E94-CA30-4801-8C52-DEE5371425B1}.Release|Any CPU.ActiveCfg = Release|Any CPU
		{0D6E0E94-CA30-4801-8C52-DEE5371425B1}.Release|Any CPU.Build.0 = Release|Any CPU
		{88EF1044-1CE0-480A-A253-D09F5B71C964}.Debug|Any CPU.ActiveCfg = Debug|Any CPU
		{88EF1044-1CE0-480A-A253-D09F5B71C964}.Debug|Any CPU.Build.0 = Debug|Any CPU
		{88EF1044-1CE0-480A-A253-D09F5B71C964}.Release|Any CPU.ActiveCfg = Release|Any CPU
		{88EF1044-1CE0-480A-A253-D09F5B71C964}.Release|Any CPU.Build.0 = Release|Any CPU
	EndGlobalSection
	GlobalSection(SolutionProperties) = preSolution
		HideSolutionNode = FALSE
	EndGlobalSection
	GlobalSection(ExtensibilityGlobals) = postSolution
		SolutionGuid = {11EB0A85-BCF8-4DA6-BDD7-C10149C899E6}
	EndGlobalSection
EndGlobal
